github.com/jiyeol-lee/csvstore v0.0.0-20250616185511-57764ecbd6dd h1:HT/a/ntLSeAGmiVHUwXE7Yo8gQNEC1rvj7deic9Vh08=
github.com/jiyeol-lee/csvstore v0.0.0-20250616185511-57764ecbd6dd/go.mod h1:pypLHjz6KBrl+ae4/NDlVsIoTpTq//eB30O+ufaJL7U=
github.com/jiyeol-lee/csvstore v0.0.0-20250619185743-7e006f235166 h1:r5k4p0N0PLNTaUfKIkMT8qx0o+6W+Gqa5fTOyfcu4HE=
github.com/jiyeol-lee/csvstore v0.0.0-20250619185743-7e006f235166/go.mod h1:pypLHjz6KBrl+ae4/NDlVsIoTpTq//eB30O+ufaJL7U=
